// !$*UTF8*$!
{
	archiveVersion = 1;
	classes = {
	};
	objectVersion = 50;
	objects = {

/* Begin PBXBuildFile section */
		154C1FF122F712A300EACF8B /* AppDelegate.swift in Sources */ = {isa = PBXBuildFile; fileRef = 154C1FF022F712A300EACF8B /* AppDelegate.swift */; };
		154C1FF322F712A300EACF8B /* ToDoViewController.swift in Sources */ = {isa = PBXBuildFile; fileRef = 154C1FF222F712A300EACF8B /* ToDoViewController.swift */; };
		154C1FF622F712A300EACF8B /* Main.storyboard in Resources */ = {isa = PBXBuildFile; fileRef = 154C1FF422F712A300EACF8B /* Main.storyboard */; };
		154C1FF822F712A300EACF8B /* Assets.xcassets in Resources */ = {isa = PBXBuildFile; fileRef = 154C1FF722F712A300EACF8B /* Assets.xcassets */; };
		154C1FFB22F712A300EACF8B /* LaunchScreen.storyboard in Resources */ = {isa = PBXBuildFile; fileRef = 154C1FF922F712A300EACF8B /* LaunchScreen.storyboard */; };
		159055E322F84B4500A2FA45 /* Item.swift in Sources */ = {isa = PBXBuildFile; fileRef = 159055E222F84B4500A2FA45 /* Item.swift */; };
		159055E922F8512100A2FA45 /* Default-568h@2x.png in Resources */ = {isa = PBXBuildFile; fileRef = 159055E822F8512100A2FA45 /* Default-568h@2x.png */; };
/* End PBXBuildFile section */

/* Begin PBXFileReference section */
		154C1FED22F712A300EACF8B /* ToDoList.app */ = {isa = PBXFileReference; explicitFileType = wrapper.application; includeInIndex = 0; path = ToDoList.app; sourceTree = BUILT_PRODUCTS_DIR; };
		154C1FF022F712A300EACF8B /* AppDelegate.swift */ = {isa = PBXFileReference; lastKnownFileType = sourcecode.swift; path = AppDelegate.swift; sourceTree = "<group>"; };
		154C1FF222F712A300EACF8B /* ToDoViewController.swift */ = {isa = PBXFileReference; lastKnownFileType = sourcecode.swift; path = ToDoViewController.swift; sourceTree = "<group>"; };
		154C1FF522F712A300EACF8B /* Base */ = {isa = PBXFileReference; lastKnownFileType = file.storyboard; name = Base; path = Base.lproj/Main.storyboard; sourceTree = "<group>"; };
		154C1FF722F712A300EACF8B /* Assets.xcassets */ = {isa = PBXFileReference; lastKnownFileType = folder.assetcatalog; path = Assets.xcassets; sourceTree = "<group>"; };
		154C1FFA22F712A300EACF8B /* Base */ = {isa = PBXFileReference; lastKnownFileType = file.storyboard; name = Base; path = Base.lproj/LaunchScreen.storyboard; sourceTree = "<group>"; };
		154C1FFC22F712A300EACF8B /* Info.plist */ = {isa = PBXFileReference; lastKnownFileType = text.plist.xml; path = Info.plist; sourceTree = "<group>"; };
		159055E222F84B4500A2FA45 /* Item.swift */ = {isa = PBXFileReference; lastKnownFileType = sourcecode.swift; path = Item.swift; sourceTree = "<group>"; };
		159055E822F8512100A2FA45 /* Default-568h@2x.png */ = {isa = PBXFileReference; lastKnownFileType = image.png; path = "Default-568h@2x.png"; sourceTree = "<group>"; };
/* End PBXFileReference section */

/* Begin PBXFrameworksBuildPhase section */
		154C1FEA22F712A300EACF8B /* Frameworks */ = {
			isa = PBXFrameworksBuildPhase;
			buildActionMask = 2147483647;
			files = (
			);
			runOnlyForDeploymentPostprocessing = 0;
		};
/* End PBXFrameworksBuildPhase section */

/* Begin PBXGroup section */
		154C1FE422F712A300EACF8B = {
			isa = PBXGroup;
			children = (
				159055E822F8512100A2FA45 /* Default-568h@2x.png */,
				154C1FEF22F712A300EACF8B /* ToDoList */,
				154C1FEE22F712A300EACF8B /* Products */,
			);
			sourceTree = "<group>";
		};
		154C1FEE22F712A300EACF8B /* Products */ = {
			isa = PBXGroup;
			children = (
				154C1FED22F712A300EACF8B /* ToDoList.app */,
			);
			name = Products;
			sourceTree = "<group>";
		};
		154C1FEF22F712A300EACF8B /* ToDoList */ = {
			isa = PBXGroup;
			children = (
				159055E522F84FD000A2FA45 /* controllers */,
				159055E722F8501C00A2FA45 /* supporting files */,
				159055E622F84FFB00A2FA45 /* views */,
				159055E422F84FA700A2FA45 /* DataModel */,
				154C1FFC22F712A300EACF8B /* Info.plist */,
			);
			path = ToDoList;
			sourceTree = "<group>";
		};
		159055E422F84FA700A2FA45 /* DataModel */ = {
			isa = PBXGroup;
			children = (
				159055E222F84B4500A2FA45 /* Item.swift */,
			);
			path = DataModel;
			sourceTree = "<group>";
		};
		159055E522F84FD000A2FA45 /* controllers */ = {
			isa = PBXGroup;
			children = (
				154C1FF222F712A300EACF8B /* ToDoViewController.swift */,
			);
			path = controllers;
			sourceTree = "<group>";
		};
		159055E622F84FFB00A2FA45 /* views */ = {
			isa = PBXGroup;
			children = (
				154C1FF922F712A300EACF8B /* LaunchScreen.storyboard */,
				154C1FF422F712A300EACF8B /* Main.storyboard */,
			);
			path = views;
			sourceTree = "<group>";
		};
		159055E722F8501C00A2FA45 /* supporting files */ = {
			isa = PBXGroup;
			children = (
				154C1FF722F712A300EACF8B /* Assets.xcassets */,
				154C1FF022F712A300EACF8B /* AppDelegate.swift */,
			);
			path = "supporting files";
			sourceTree = "<group>";
		};
/* End PBXGroup section */

/* Begin PBXNativeTarget section */
		154C1FEC22F712A300EACF8B /* ToDoList */ = {
			isa = PBXNativeTarget;
			buildConfigurationList = 154C1FFF22F712A300EACF8B /* Build configuration list for PBXNativeTarget "ToDoList" */;
			buildPhases = (
				154C1FE922F712A300EACF8B /* Sources */,
				154C1FEA22F712A300EACF8B /* Frameworks */,
				154C1FEB22F712A300EACF8B /* Resources */,
			);
			buildRules = (
			);
			dependencies = (
			);
			name = ToDoList;
			productName = ToDoList;
			productReference = 154C1FED22F712A300EACF8B /* ToDoList.app */;
			productType = "com.apple.product-type.application";
		};
/* End PBXNativeTarget section */

/* Begin PBXProject section */
		154C1FE522F712A300EACF8B /* Project object */ = {
			isa = PBXProject;
			attributes = {
				LastSwiftUpdateCheck = 1030;
				LastUpgradeCheck = 1030;
				ORGANIZATIONNAME = "Dor Zafrir";
				TargetAttributes = {
					154C1FEC22F712A300EACF8B = {
						CreatedOnToolsVersion = 10.3;
					};
				};
			};
			buildConfigurationList = 154C1FE822F712A300EACF8B /* Build configuration list for PBXProject "ToDoList" */;
			compatibilityVersion = "Xcode 9.3";
			developmentRegion = en;
			hasScannedForEncodings = 0;
			knownRegions = (
				en,
				Base,
			);
			mainGroup = 154C1FE422F712A300EACF8B;
			productRefGroup = 154C1FEE22F712A300EACF8B /* Products */;
			projectDirPath = "";
			projectRoot = "";
			targets = (
				154C1FEC22F712A300EACF8B /* ToDoList */,
			);
		};
/* End PBXProject section */

/* Begin PBXResourcesBuildPhase section */
		154C1FEB22F712A300EACF8B /* Resources */ = {
			isa = PBXResourcesBuildPhase;
			buildActionMask = 2147483647;
			files = (
				154C1FFB22F712A300EACF8B /* LaunchScreen.storyboard in Resources */,
				159055E922F8512100A2FA45 /* Default-568h@2x.png in Resources */,
				154C1FF822F712A300EACF8B /* Assets.xcassets in Resources */,
				154C1FF622F712A300EACF8B /* Main.storyboard in Resources */,
			);
			runOnlyForDeploymentPostprocessing = 0;
		};
/* End PBXResourcesBuildPhase section */

/* Begin PBXSourcesBuildPhase section */
		154C1FE922F712A300EACF8B /* Sources */ = {
			isa = PBXSourcesBuildPhase;
			buildActionMask = 2147483647;
			files = (
				154C1FF322F712A300EACF8B /* ToDoViewController.swift in Sources */,
				159055E322F84B4500A2FA45 /* Item.swift in Sources */,
				154C1FF122F712A300EACF8B /* AppDelegate.swift in Sources */,
			);
			runOnlyForDeploymentPostprocessing = 0;
		};
/* End PBXSourcesBuildPhase section */

/* Begin PBXVariantGroup section */
		154C1FF422F712A300EACF8B /* Main.storyboard */ = {
			isa = PBXVariantGroup;
			children = (
				154C1FF522F712A300EACF8B /* Base */,
			);
			name = Main.storyboard;
			sourceTree = "<group>";
		};
		154C1FF922F712A300EACF8B /* LaunchScreen.storyboard */ = {
			isa = PBXVariantGroup;
			children = (
				154C1FFA22F712A300EACF8B /* Base */,
			);
			name = LaunchScreen.storyboard;
			sourceTree = "<group>";
		};
/* End PBXVariantGroup section */

/* Begin XCBuildConfiguration section */
		154C1FFD22F712A300EACF8B /* Debug */ = {
			isa = XCBuildConfiguration;
			buildSettings = {
				ALWAYS_SEARCH_USER_PATHS = NO;
				CLANG_ANALYZER_NONNULL = YES;
				CLANG_ANALYZER_NUMBER_OBJECT_CONVERSION = YES_AGGRESSIVE;
				CLANG_CXX_LANGUAGE_STANDARD = "gnu++14";
				CLANG_CXX_LIBRARY = "libc++";
				CLANG_ENABLE_MODULES = YES;
				CLANG_ENABLE_OBJC_ARC = YES;
				CLANG_ENABLE_OBJC_WEAK = YES;
				CLANG_WARN_BLOCK_CAPTURE_AUTORELEASING = YES;
				CLANG_WARN_BOOL_CONVERSION = YES;
				CLANG_WARN_COMMA = YES;
				CLANG_WARN_CONSTANT_CONVERSION = YES;
				CLANG_WARN_DEPRECATED_OBJC_IMPLEMENTATIONS = YES;
				CLANG_WARN_DIRECT_OBJC_ISA_USAGE = YES_ERROR;
				CLANG_WARN_DOCUMENTATION_COMMENTS = YES;
				CLANG_WARN_EMPTY_BODY = YES;
				CLANG_WARN_ENUM_CONVERSION = YES;
				CLANG_WARN_INFINITE_RECURSION = YES;
				CLANG_WARN_INT_CONVERSION = YES;
				CLANG_WARN_NON_LITERAL_NULL_CONVERSION = YES;
				CLANG_WARN_OBJC_IMPLICIT_RETAIN_SELF = YES;
				CLANG_WARN_OBJC_LITERAL_CONVERSION = YES;
				CLANG_WARN_OBJC_ROOT_CLASS = YES_ERROR;
				CLANG_WARN_RANGE_LOOP_ANALYSIS = YES;
				CLANG_WARN_STRICT_PROTOTYPES = YES;
				CLANG_WARN_SUSPICIOUS_MOVE = YES;
				CLANG_WARN_UNGUARDED_AVAILABILITY = YES_AGGRESSIVE;
				CLANG_WARN_UNREACHABLE_CODE = YES;
				CLANG_WARN__DUPLICATE_METHOD_MATCH = YES;
				CODE_SIGN_IDENTITY = "iPhone Developer";
				COPY_PHASE_STRIP = NO;
				DEBUG_INFORMATION_FORMAT = dwarf;
				ENABLE_STRICT_OBJC_MSGSEND = YES;
				ENABLE_TESTABILITY = YES;
				GCC_C_LANGUAGE_STANDARD = gnu11;
				GCC_DYNAMIC_NO_PIC = NO;
				GCC_NO_COMMON_BLOCKS = YES;
				GCC_OPTIMIZATION_LEVEL = 0;
				GCC_PREPROCESSOR_DEFINITIONS = (
					"DEBUG=1",
					"$(inherited)",
				);
				GCC_WARN_64_TO_32_BIT_CONVERSION = YES;
				GCC_WARN_ABOUT_RETURN_TYPE = YES_ERROR;
				GCC_WARN_UNDECLARED_SELECTOR = YES;
				GCC_WARN_UNINITIALIZED_AUTOS = YES_AGGRESSIVE;
				GCC_WARN_UNUSED_FUNCTION = YES;
				GCC_WARN_UNUSED_VARIABLE = YES;
				IPHONEOS_DEPLOYMENT_TARGET = 12.4;
				MTL_ENABLE_DEBUG_INFO = INCLUDE_SOURCE;
				MTL_FAST_MATH = YES;
				ONLY_ACTIVE_ARCH = YES;
				SDKROOT = iphoneos;
				SWIFT_ACTIVE_COMPILATION_CONDITIONS = DEBUG;
				SWIFT_OPTIMIZATION_LEVEL = "-Onone";
			};
			name = Debug;
		};
		154C1FFE22F712A300EACF8B /* Release */ = {
			isa = XCBuildConfiguration;
			buildSettings = {
				ALWAYS_SEARCH_USER_PATHS = NO;
				CLANG_ANALYZER_NONNULL = YES;
				CLANG_ANALYZER_NUMBER_OBJECT_CONVERSION = YES_AGGRESSIVE;
				CLANG_CXX_LANGUAGE_STANDARD = "gnu++14";
				CLANG_CXX_LIBRARY = "libc++";
				CLANG_ENABLE_MODULES = YES;
				CLANG_ENABLE_OBJC_ARC = YES;
				CLANG_ENABLE_OBJC_WEAK = YES;
				CLANG_WARN_BLOCK_CAPTURE_AUTORELEASING = YES;
				CLANG_WARN_BOOL_CONVERSION = YES;
				CLANG_WARN_COMMA = YES;
				CLANG_WARN_CONSTANT_CONVERSION = YES;
				CLANG_WARN_DEPRECATED_OBJC_IMPLEMENTATIONS = YES;
				CLANG_WARN_DIRECT_OBJC_ISA_USAGE = YES_ERROR;
				CLANG_WARN_DOCUMENTATION_COMMENTS = YES;
				CLANG_WARN_EMPTY_BODY = YES;
				CLANG_WARN_ENUM_CONVERSION = YES;
				CLANG_WARN_INFINITE_RECURSION = YES;
				CLANG_WARN_INT_CONVERSION = YES;
				CLANG_WARN_NON_LITERAL_NULL_CONVERSION = YES;
				CLANG_WARN_OBJC_IMPLICIT_RETAIN_SELF = YES;
				CLANG_WARN_OBJC_LITERAL_CONVERSION = YES;
				CLANG_WARN_OBJC_ROOT_CLASS = YES_ERROR;
				CLANG_WARN_RANGE_LOOP_ANALYSIS = YES;
				CLANG_WARN_STRICT_PROTOTYPES = YES;
				CLANG_WARN_SUSPICIOUS_MOVE = YES;
				CLANG_WARN_UNGUARDED_AVAILABILITY = YES_AGGRESSIVE;
				CLANG_WARN_UNREACHABLE_CODE = YES;
				CLANG_WARN__DUPLICATE_METHOD_MATCH = YES;
				CODE_SIGN_IDENTITY = "iPhone Developer";
				COPY_PHASE_STRIP = NO;
				DEBUG_INFORMATION_FORMAT = "dwarf-with-dsym";
				ENABLE_NS_ASSERTIONS = NO;
				ENABLE_STRICT_OBJC_MSGSEND = YES;
				GCC_C_LANGUAGE_STANDARD = gnu11;
				GCC_NO_COMMON_BLOCKS = YES;
				GCC_WARN_64_TO_32_BIT_CONVERSION = YES;
				GCC_WARN_ABOUT_RETURN_TYPE = YES_ERROR;
				GCC_WARN_UNDECLARED_SELECTOR = YES;
				GCC_WARN_UNINITIALIZED_AUTOS = YES_AGGRESSIVE;
				GCC_WARN_UNUSED_FUNCTION = YES;
				GCC_WARN_UNUSED_VARIABLE = YES;
				IPHONEOS_DEPLOYMENT_TARGET = 12.4;
				MTL_ENABLE_DEBUG_INFO = NO;
				MTL_FAST_MATH = YES;
				SDKROOT = iphoneos;
				SWIFT_COMPILATION_MODE = wholemodule;
				SWIFT_OPTIMIZATION_LEVEL = "-O";
				VALIDATE_PRODUCT = YES;
			};
			name = Release;
		};
		154C200022F712A300EACF8B /* Debug */ = {
			isa = XCBuildConfiguration;
			buildSettings = {
				ASSETCATALOG_COMPILER_APPICON_NAME = AppIcon;
				CODE_SIGN_STYLE = Automatic;
				DEVELOPMENT_TEAM = Y67FYQU575;
				INFOPLIST_FILE = ToDoList/Info.plist;
				LD_RUNPATH_SEARCH_PATHS = (
					"$(inherited)",
					"@executable_path/Frameworks",
				);
				PRODUCT_BUNDLE_IDENTIFIER = DorZafrir313476269.ToDoList;
				PRODUCT_NAME = "$(TARGET_NAME)";
				SWIFT_VERSION = 5.0;
				TARGETED_DEVICE_FAMILY = "1,2";
			};
			name = Debug;
		};
		154C200122F712A300EACF8B /* Release */ = {
			isa = XCBuildConfiguration;
			buildSettings = {
				ASSETCATALOG_COMPILER_APPICON_NAME = AppIcon;
				CODE_SIGN_STYLE = Automatic;
				DEVELOPMENT_TEAM = Y67FYQU575;
				INFOPLIST_FILE = ToDoList/Info.plist;
				LD_RUNPATH_SEARCH_PATHS = (
					"$(inherited)",
					"@executable_path/Frameworks",
				);
				PRODUCT_BUNDLE_IDENTIFIER = DorZafrir313476269.ToDoList;
				PRODUCT_NAME = "$(TARGET_NAME)";
				SWIFT_VERSION = 5.0;
				TARGETED_DEVICE_FAMILY = "1,2";
			};
			name = Release;
		};
/* End XCBuildConfiguration section */

/* Begin XCConfigurationList section */
		154C1FE822F712A300EACF8B /* Build configuration list for PBXProject "ToDoList" */ = {
			isa = XCConfigurationList;
			buildConfigurations = (
				154C1FFD22F712A300EACF8B /* Debug */,
				154C1FFE22F712A300EACF8B /* Release */,
			);
			defaultConfigurationIsVisible = 0;
			defaultConfigurationName = Release;
		};
		154C1FFF22F712A300EACF8B /* Build configuration list for PBXNativeTarget "ToDoList" */ = {
			isa = XCConfigurationList;
			buildConfigurations = (
				154C200022F712A300EACF8B /* Debug */,
				154C200122F712A300EACF8B /* Release */,
			);
			defaultConfigurationIsVisible = 0;
			defaultConfigurationName = Release;
		};
/* End XCConfigurationList section */
	};
	rootObject = 154C1FE522F712A300EACF8B /* Project object */;
}
